{
  "version": 4,
  "terraform_version": "1.3.6",
  "serial": 147,
  "lineage": "44acd2e7-a8a7-0d6a-7665-a69955b2e6fa",
  "outputs": {},
  "resources": [
    {
      "mode": "data",
      "type": "digitalocean_ssh_key",
      "name": "XAVI",
      "provider": "provider[\"registry.terraform.io/digitalocean/digitalocean\"]",
      "instances": [
        {
          "schema_version": 0,
          "attributes": {
            "fingerprint": "24:d3:c4:74:a9:a0:c3:66:fc:65:98:60:09:b1:2b:da",
            "id": "36240274",
            "name": "XAVI",
            "public_key": "ssh-rsa AAAAB3NzaC1yc2EAAAADAQABAAABAQC7erJMlD0nCASOeMOHIp6Le94n9l+6vTUgpfJ3fyi509hpiLiFdhSO8YEtNvW87tCGiFlN9sircwqktz/luCACmjUEi1SI3ybWgckQLHT2NZJcsjZYfOpvzi+pfNgS17TyV0RTVYHu2/NP0eB+912irQtSn7WSCnTlKAMkG+55Xuy//EHh6ZxrsE8oPuyX+Qqu8VqYzJnFBXYFckr+M5a4rol+abZPPGfQrJM1+zZ4qsHqCRPvpSHcpNm3rfsJuj/X2wg//Psx2QBK8O4h1Aaj2kHsOlY8TuWf8j9uqmACcnQiu8pS+VNhGzAGBxH+RUGI0ktB47RcAyX/GGyWRJjN jaros@DESKTOP-LK6A72P"
          },
          "sensitive_attributes": []
        }
      ]
    },
    {
      "mode": "managed",
      "type": "digitalocean_domain",
      "name": "default",
      "provider": "provider[\"registry.terraform.io/digitalocean/digitalocean\"]",
      "instances": []
    },
    {
      "mode": "managed",
      "type": "digitalocean_droplet",
      "name": "casiopea",
      "provider": "provider[\"registry.terraform.io/digitalocean/digitalocean\"]",
      "instances": [
        {
          "status": "tainted",
          "schema_version": 1,
          "attributes": {
            "backups": false,
            "created_at": "2023-03-18T08:41:19Z",
            "disk": 50,
            "id": "346020000",
            "image": "ubuntu-18-04-x64",
            "ipv4_address": "46.101.217.78",
            "ipv4_address_private": "10.135.0.2",
            "ipv6": false,
            "ipv6_address": "",
            "ipv6_address_private": null,
            "locked": false,
            "memory": 2048,
            "monitoring": false,
            "name": "casiopea",
            "price_hourly": 0.01786,
            "price_monthly": 12,
            "private_networking": true,
            "region": "fra1",
            "resize_disk": true,
            "size": "s-1vcpu-2gb",
            "ssh_keys": [
              "36240274"
            ],
            "status": "active",
            "tags": null,
            "urn": "do:droplet:346020000",
            "user_data": null,
            "vcpus": 1,
            "volume_ids": [],
            "vpc_uuid": "f856d9e6-dc84-11e8-8b13-3cfdfea9f160"
          },
          "sensitive_attributes": [],
          "private": "eyJzY2hlbWFfdmVyc2lvbiI6IjEifQ==",
          "dependencies": [
            "data.digitalocean_ssh_key.XAVI"
          ]
        }
      ]
    },
    {
      "mode": "managed",
      "type": "digitalocean_droplet",
      "name": "vega",
      "provider": "provider[\"registry.terraform.io/digitalocean/digitalocean\"]",
      "instances": [
        {
          "schema_version": 1,
          "attributes": {
            "backups": false,
            "created_at": "2023-03-18T08:41:19Z",
            "disk": 25,
            "id": "346019999",
            "image": "ubuntu-18-04-x64",
            "ipv4_address": "46.101.236.95",
            "ipv4_address_private": "10.135.0.3",
            "ipv6": false,
            "ipv6_address": "",
            "ipv6_address_private": null,
            "locked": false,
            "memory": 1024,
            "monitoring": false,
            "name": "vega",
            "price_hourly": 0.00893,
            "price_monthly": 6,
            "private_networking": true,
            "region": "fra1",
            "resize_disk": true,
            "size": "s-1vcpu-1gb",
            "ssh_keys": [
              "36240274"
            ],
            "status": "active",
            "tags": null,
            "urn": "do:droplet:346019999",
            "user_data": null,
            "vcpus": 1,
            "volume_ids": [],
            "vpc_uuid": "f856d9e6-dc84-11e8-8b13-3cfdfea9f160"
          },
          "sensitive_attributes": [],
          "private": "eyJzY2hlbWFfdmVyc2lvbiI6IjEifQ==",
          "dependencies": [
            "data.digitalocean_ssh_key.XAVI"
          ]
        }
      ]
    },
    {
      "mode": "managed",
      "type": "digitalocean_loadbalancer",
      "name": "www-lb",
      "provider": "provider[\"registry.terraform.io/digitalocean/digitalocean\"]",
      "instances": []
    },
    {
      "mode": "managed",
      "type": "digitalocean_record",
      "name": "CNAME-www",
      "provider": "provider[\"registry.terraform.io/digitalocean/digitalocean\"]",
      "instances": []
    }
  ],
  "check_results": null
}
