{
  "version": 4,
  "terraform_version": "1.3.6",
  "serial": 153,
  "lineage": "44acd2e7-a8a7-0d6a-7665-a69955b2e6fa",
  "outputs": {},
  "resources": [
    {
      "mode": "data",
      "type": "digitalocean_ssh_key",
      "name": "XAVI",
      "provider": "provider[\"registry.terraform.io/digitalocean/digitalocean\"]",
      "instances": [
        {
          "schema_version": 0,
          "attributes": {
            "fingerprint": "24:d3:c4:74:a9:a0:c3:66:fc:65:98:60:09:b1:2b:da",
            "id": "36240274",
            "name": "XAVI",
            "public_key": "ssh-rsa AAAAB3NzaC1yc2EAAAADAQABAAABAQC7erJMlD0nCASOeMOHIp6Le94n9l+6vTUgpfJ3fyi509hpiLiFdhSO8YEtNvW87tCGiFlN9sircwqktz/luCACmjUEi1SI3ybWgckQLHT2NZJcsjZYfOpvzi+pfNgS17TyV0RTVYHu2/NP0eB+912irQtSn7WSCnTlKAMkG+55Xuy//EHh6ZxrsE8oPuyX+Qqu8VqYzJnFBXYFckr+M5a4rol+abZPPGfQrJM1+zZ4qsHqCRPvpSHcpNm3rfsJuj/X2wg//Psx2QBK8O4h1Aaj2kHsOlY8TuWf8j9uqmACcnQiu8pS+VNhGzAGBxH+RUGI0ktB47RcAyX/GGyWRJjN jaros@DESKTOP-LK6A72P"
          },
          "sensitive_attributes": []
        }
      ]
    },
    {
      "mode": "managed",
      "type": "digitalocean_domain",
      "name": "default",
      "provider": "provider[\"registry.terraform.io/digitalocean/digitalocean\"]",
      "instances": [
        {
          "schema_version": 0,
          "attributes": {
            "id": "devops.bootcampgeekshubs.com",
            "ip_address": "138.68.124.79",
            "name": "devops.bootcampgeekshubs.com",
            "urn": "do:domain:devops.bootcampgeekshubs.com"
          },
          "sensitive_attributes": [],
          "private": "bnVsbA==",
          "dependencies": [
            "data.digitalocean_ssh_key.XAVI",
            "digitalocean_droplet.casiopea",
            "digitalocean_droplet.vega",
            "digitalocean_loadbalancer.www-lb"
          ]
        }
      ]
    },
    {
      "mode": "managed",
      "type": "digitalocean_droplet",
      "name": "casiopea",
      "provider": "provider[\"registry.terraform.io/digitalocean/digitalocean\"]",
      "instances": [
        {
          "schema_version": 1,
          "attributes": {
            "backups": false,
            "created_at": "2023-03-18T08:43:33Z",
            "disk": 50,
            "id": "346020146",
            "image": "ubuntu-18-04-x64",
            "ipv4_address": "164.90.226.123",
            "ipv4_address_private": "10.135.0.2",
            "ipv6": false,
            "ipv6_address": "",
            "ipv6_address_private": null,
            "locked": false,
            "memory": 2048,
            "monitoring": false,
            "name": "casiopea",
            "price_hourly": 0.01786,
            "price_monthly": 12,
            "private_networking": true,
            "region": "fra1",
            "resize_disk": true,
            "size": "s-1vcpu-2gb",
            "ssh_keys": [
              "36240274"
            ],
            "status": "active",
            "tags": null,
            "urn": "do:droplet:346020146",
            "user_data": null,
            "vcpus": 1,
            "volume_ids": [],
            "vpc_uuid": "f856d9e6-dc84-11e8-8b13-3cfdfea9f160"
          },
          "sensitive_attributes": [],
          "private": "eyJzY2hlbWFfdmVyc2lvbiI6IjEifQ==",
          "dependencies": [
            "data.digitalocean_ssh_key.XAVI"
          ]
        }
      ]
    },
    {
      "mode": "managed",
      "type": "digitalocean_droplet",
      "name": "vega",
      "provider": "provider[\"registry.terraform.io/digitalocean/digitalocean\"]",
      "instances": [
        {
          "schema_version": 1,
          "attributes": {
            "backups": false,
            "created_at": "2023-03-18T08:41:19Z",
            "disk": 25,
            "id": "346019999",
            "image": "ubuntu-18-04-x64",
            "ipv4_address": "46.101.236.95",
            "ipv4_address_private": "10.135.0.3",
            "ipv6": false,
            "ipv6_address": "",
            "ipv6_address_private": null,
            "locked": false,
            "memory": 1024,
            "monitoring": false,
            "name": "vega",
            "price_hourly": 0.00893,
            "price_monthly": 6,
            "private_networking": true,
            "region": "fra1",
            "resize_disk": true,
            "size": "s-1vcpu-1gb",
            "ssh_keys": [
              "36240274"
            ],
            "status": "active",
            "tags": [],
            "urn": "do:droplet:346019999",
            "user_data": null,
            "vcpus": 1,
            "volume_ids": [],
            "vpc_uuid": "f856d9e6-dc84-11e8-8b13-3cfdfea9f160"
          },
          "sensitive_attributes": [],
          "private": "eyJzY2hlbWFfdmVyc2lvbiI6IjEifQ==",
          "dependencies": [
            "data.digitalocean_ssh_key.XAVI"
          ]
        }
      ]
    },
    {
      "mode": "managed",
      "type": "digitalocean_loadbalancer",
      "name": "www-lb",
      "provider": "provider[\"registry.terraform.io/digitalocean/digitalocean\"]",
      "instances": [
        {
          "schema_version": 0,
          "attributes": {
            "algorithm": "round_robin",
            "droplet_ids": [
              346019999,
              346020146
            ],
            "droplet_tag": "",
            "enable_backend_keepalive": false,
            "enable_proxy_protocol": false,
            "forwarding_rule": [
              {
                "certificate_id": "",
                "entry_port": 80,
                "entry_protocol": "http",
                "target_port": 80,
                "target_protocol": "http",
                "tls_passthrough": false
              }
            ],
            "healthcheck": [
              {
                "check_interval_seconds": 10,
                "healthy_threshold": 5,
                "path": "",
                "port": 22,
                "protocol": "tcp",
                "response_timeout_seconds": 5,
                "unhealthy_threshold": 3
              }
            ],
            "id": "fd4f5e08-4888-4d1e-b665-13e454bd90cd",
            "ip": "138.68.124.79",
            "name": "www-lb",
            "redirect_http_to_https": false,
            "region": "fra1",
            "status": "active",
            "sticky_sessions": [
              {
                "cookie_name": "",
                "cookie_ttl_seconds": 0,
                "type": "none"
              }
            ],
            "urn": "do:loadbalancer:fd4f5e08-4888-4d1e-b665-13e454bd90cd",
            "vpc_uuid": "f856d9e6-dc84-11e8-8b13-3cfdfea9f160"
          },
          "sensitive_attributes": [],
          "private": "bnVsbA==",
          "dependencies": [
            "data.digitalocean_ssh_key.XAVI",
            "digitalocean_droplet.casiopea",
            "digitalocean_droplet.vega"
          ]
        }
      ]
    },
    {
      "mode": "managed",
      "type": "digitalocean_record",
      "name": "CNAME-www",
      "provider": "provider[\"registry.terraform.io/digitalocean/digitalocean\"]",
      "instances": [
        {
          "schema_version": 0,
          "attributes": {
            "domain": "devops.bootcampgeekshubs.com",
            "flags": 0,
            "fqdn": "www.devops.bootcampgeekshubs.com",
            "id": "367094227",
            "name": "www",
            "port": 0,
            "priority": 0,
            "tag": "",
            "ttl": 1800,
            "type": "CNAME",
            "value": "@",
            "weight": 0
          },
          "sensitive_attributes": [],
          "private": "bnVsbA==",
          "dependencies": [
            "data.digitalocean_ssh_key.XAVI",
            "digitalocean_domain.default",
            "digitalocean_droplet.casiopea",
            "digitalocean_droplet.vega",
            "digitalocean_loadbalancer.www-lb"
          ]
        }
      ]
    }
  ],
  "check_results": null
}
